
Microsoft Visual Studio Solution File, Format Version 12.00
# Visual Studio 15
VisualStudioVersion = 15.0.26403.7
MinimumVisualStudioVersion = 10.0.40219.1
Project("{FAE04EC0-301F-11D3-BF4B-00C04F79EFBC}") = "Remainder assignment", "Remainder assignment\Remainder assignment.csproj", "{8175DFCB-62DD-4715-B060-3C3B10DCBDF5}"
EndProject
Global
	GlobalSection(SolutionConfigurationPlatforms) = preSolution
		Debug|Any CPU = Debug|Any CPU
		Release|Any CPU = Release|Any CPU
	EndGlobalSection
	GlobalSection(ProjectConfigurationPlatforms) = postSolution
		{8175DFCB-62DD-4715-B060-3C3B10DCBDF5}.Debug|Any CPU.ActiveCfg = Debug|Any CPU
		{8175DFCB-62DD-4715-B060-3C3B10DCBDF5}.Debug|Any CPU.Build.0 = Debug|Any CPU
		{8175DFCB-62DD-4715-B060-3C3B10DCBDF5}.Release|Any CPU.ActiveCfg = Release|Any CPU
		{8175DFCB-62DD-4715-B060-3C3B10DCBDF5}.Release|Any CPU.Build.0 = Release|Any CPU
	EndGlobalSection
	GlobalSection(SolutionProperties) = preSolution
		HideSolutionNode = FALSE
	EndGlobalSection
EndGlobal
